
Microsoft Visual Studio Solution File, Format Version 12.00
# Visual Studio Version 17
VisualStudioVersion = 17.3.32714.290
MinimumVisualStudioVersion = 10.0.40219.1
Project("{FAE04EC0-301F-11D3-BF4B-00C04F79EFBC}") = "WebApplication1", "WebApplication1.csproj", "{0AE9C0D4-98F2-434B-A7AB-2CE1FF0CEBD7}"
EndProject
Global
	GlobalSection(SolutionConfigurationPlatforms) = preSolution
		Debug|Any CPU = Debug|Any CPU
		Release|Any CPU = Release|Any CPU
	EndGlobalSection
	GlobalSection(ProjectConfigurationPlatforms) = postSolution
		{0AE9C0D4-98F2-434B-A7AB-2CE1FF0CEBD7}.Debug|Any CPU.ActiveCfg = Debug|Any CPU
		{0AE9C0D4-98F2-434B-A7AB-2CE1FF0CEBD7}.Debug|Any CPU.Build.0 = Debug|Any CPU
		{0AE9C0D4-98F2-434B-A7AB-2CE1FF0CEBD7}.Release|Any CPU.ActiveCfg = Release|Any CPU
		{0AE9C0D4-98F2-434B-A7AB-2CE1FF0CEBD7}.Release|Any CPU.Build.0 = Release|Any CPU
	EndGlobalSection
	GlobalSection(SolutionProperties) = preSolution
		HideSolutionNode = FALSE
	EndGlobalSection
	GlobalSection(ExtensibilityGlobals) = postSolution
		SolutionGuid = {BD401793-F774-4B25-AB75-2110FE8FBF09}
	EndGlobalSection
EndGlobal
